
Microsoft Visual Studio Solution File, Format Version 12.00
# Visual Studio Version 17
VisualStudioVersion = 17.5.002.0
MinimumVisualStudioVersion = 10.0.40219.1
Project("{2150E333-8FDC-42A3-9474-1A3956D46DE8}") = "src", "src", "{E72AAC15-B7AD-44B1-A0DB-EF40B653D287}"
EndProject
Project("{FAE04EC0-301F-11D3-BF4B-00C04F79EFBC}") = "ChatBot", "src\API\ChatBot.csproj", "{A8AAEE56-5D96-4091-934E-337EA73FE67C}"
EndProject
Global
	GlobalSection(SolutionConfigurationPlatforms) = preSolution
		Debug|Any CPU = Debug|Any CPU
		Release|Any CPU = Release|Any CPU
	EndGlobalSection
	GlobalSection(ProjectConfigurationPlatforms) = postSolution
		{2F501888-65FF-4CE1-B23F-BFB166A4713E}.Debug|Any CPU.ActiveCfg = Debug|Any CPU
		{2F501888-65FF-4CE1-B23F-BFB166A4713E}.Debug|Any CPU.Build.0 = Debug|Any CPU
		{2F501888-65FF-4CE1-B23F-BFB166A4713E}.Release|Any CPU.ActiveCfg = Release|Any CPU
		{2F501888-65FF-4CE1-B23F-BFB166A4713E}.Release|Any CPU.Build.0 = Release|Any CPU
		{A8AAEE56-5D96-4091-934E-337EA73FE67C}.Debug|Any CPU.ActiveCfg = Debug|Any CPU
		{A8AAEE56-5D96-4091-934E-337EA73FE67C}.Debug|Any CPU.Build.0 = Debug|Any CPU
		{A8AAEE56-5D96-4091-934E-337EA73FE67C}.Release|Any CPU.ActiveCfg = Release|Any CPU
		{A8AAEE56-5D96-4091-934E-337EA73FE67C}.Release|Any CPU.Build.0 = Release|Any CPU
	EndGlobalSection
	GlobalSection(SolutionProperties) = preSolution
		HideSolutionNode = FALSE
	EndGlobalSection
	GlobalSection(ExtensibilityGlobals) = postSolution
		SolutionGuid = {CE860563-AFE8-4C10-A125-B3AB08EB0CA2}
	EndGlobalSection
	GlobalSection(NestedProjects) = preSolution
		{A8AAEE56-5D96-4091-934E-337EA73FE67C} = {E72AAC15-B7AD-44B1-A0DB-EF40B653D287}
	EndGlobalSection
EndGlobal
